
Microsoft Visual Studio Solution File, Format Version 12.00
# Visual Studio 15
VisualStudioVersion = 15.0.26430.16
MinimumVisualStudioVersion = 10.0.40219.1
Project("{FAE04EC0-301F-11D3-BF4B-00C04F79EFBC}") = "Kiddypi.Android", "Kiddypi\Kiddypi.Android\Kiddypi.Android.csproj", "{E6F09D4B-AE97-449C-BDC5-75F1AA0CA55F}"
EndProject
Project("{FAE04EC0-301F-11D3-BF4B-00C04F79EFBC}") = "Kiddypi", "Kiddypi\Kiddypi\Kiddypi.csproj", "{8CFB3296-9388-4903-8DB8-3014B382D681}"
EndProject
Project("{FAE04EC0-301F-11D3-BF4B-00C04F79EFBC}") = "Kiddypi.UWP", "Kiddypi\Kiddypi.UWP\Kiddypi.UWP.csproj", "{5859213B-AEAA-4335-834B-996F5A1E01D2}"
EndProject
Project("{FAE04EC0-301F-11D3-BF4B-00C04F79EFBC}") = "Kiddypi.iOS", "Kiddypi\Kiddypi.iOS\Kiddypi.iOS.csproj", "{BB3386CD-BBE0-4D6E-BCD4-0AC41561A031}"
EndProject
Global
	GlobalSection(SolutionConfigurationPlatforms) = preSolution
		Ad-Hoc|Any CPU = Ad-Hoc|Any CPU
		Ad-Hoc|ARM = Ad-Hoc|ARM
		Ad-Hoc|iPhone = Ad-Hoc|iPhone
		Ad-Hoc|iPhoneSimulator = Ad-Hoc|iPhoneSimulator
		Ad-Hoc|x64 = Ad-Hoc|x64
		Ad-Hoc|x86 = Ad-Hoc|x86
		AppStore|Any CPU = AppStore|Any CPU
		AppStore|ARM = AppStore|ARM
		AppStore|iPhone = AppStore|iPhone
		AppStore|iPhoneSimulator = AppStore|iPhoneSimulator
		AppStore|x64 = AppStore|x64
		AppStore|x86 = AppStore|x86
		Debug|Any CPU = Debug|Any CPU
		Debug|ARM = Debug|ARM
		Debug|iPhone = Debug|iPhone
		Debug|iPhoneSimulator = Debug|iPhoneSimulator
		Debug|x64 = Debug|x64
		Debug|x86 = Debug|x86
		Release|Any CPU = Release|Any CPU
		Release|ARM = Release|ARM
		Release|iPhone = Release|iPhone
		Release|iPhoneSimulator = Release|iPhoneSimulator
		Release|x64 = Release|x64
		Release|x86 = Release|x86
	EndGlobalSection
	GlobalSection(ProjectConfigurationPlatforms) = postSolution
		{E6F09D4B-AE97-449C-BDC5-75F1AA0CA55F}.Ad-Hoc|Any CPU.ActiveCfg = Release|Any CPU
		{E6F09D4B-AE97-449C-BDC5-75F1AA0CA55F}.Ad-Hoc|Any CPU.Build.0 = Release|Any CPU
		{E6F09D4B-AE97-449C-BDC5-75F1AA0CA55F}.Ad-Hoc|Any CPU.Deploy.0 = Release|Any CPU
		{E6F09D4B-AE97-449C-BDC5-75F1AA0CA55F}.Ad-Hoc|ARM.ActiveCfg = Release|Any CPU
		{E6F09D4B-AE97-449C-BDC5-75F1AA0CA55F}.Ad-Hoc|ARM.Build.0 = Release|Any CPU
		{E6F09D4B-AE97-449C-BDC5-75F1AA0CA55F}.Ad-Hoc|ARM.Deploy.0 = Release|Any CPU
		{E6F09D4B-AE97-449C-BDC5-75F1AA0CA55F}.Ad-Hoc|iPhone.ActiveCfg = Release|Any CPU
		{E6F09D4B-AE97-449C-BDC5-75F1AA0CA55F}.Ad-Hoc|iPhone.Build.0 = Release|Any CPU
		{E6F09D4B-AE97-449C-BDC5-75F1AA0CA55F}.Ad-Hoc|iPhone.Deploy.0 = Release|Any CPU
		{E6F09D4B-AE97-449C-BDC5-75F1AA0CA55F}.Ad-Hoc|iPhoneSimulator.ActiveCfg = Release|Any CPU
		{E6F09D4B-AE97-449C-BDC5-75F1AA0CA55F}.Ad-Hoc|iPhoneSimulator.Build.0 = Release|Any CPU
		{E6F09D4B-AE97-449C-BDC5-75F1AA0CA55F}.Ad-Hoc|iPhoneSimulator.Deploy.0 = Release|Any CPU
		{E6F09D4B-AE97-449C-BDC5-75F1AA0CA55F}.Ad-Hoc|x64.ActiveCfg = Release|Any CPU
		{E6F09D4B-AE97-449C-BDC5-75F1AA0CA55F}.Ad-Hoc|x64.Build.0 = Release|Any CPU
		{E6F09D4B-AE97-449C-BDC5-75F1AA0CA55F}.Ad-Hoc|x64.Deploy.0 = Release|Any CPU
		{E6F09D4B-AE97-449C-BDC5-75F1AA0CA55F}.Ad-Hoc|x86.ActiveCfg = Release|Any CPU
		{E6F09D4B-AE97-449C-BDC5-75F1AA0CA55F}.Ad-Hoc|x86.Build.0 = Release|Any CPU
		{E6F09D4B-AE97-449C-BDC5-75F1AA0CA55F}.Ad-Hoc|x86.Deploy.0 = Release|Any CPU
		{E6F09D4B-AE97-449C-BDC5-75F1AA0CA55F}.AppStore|Any CPU.ActiveCfg = Release|Any CPU
		{E6F09D4B-AE97-449C-BDC5-75F1AA0CA55F}.AppStore|Any CPU.Build.0 = Release|Any CPU
		{E6F09D4B-AE97-449C-BDC5-75F1AA0CA55F}.AppStore|Any CPU.Deploy.0 = Release|Any CPU
		{E6F09D4B-AE97-449C-BDC5-75F1AA0CA55F}.AppStore|ARM.ActiveCfg = Release|Any CPU
		{E6F09D4B-AE97-449C-BDC5-75F1AA0CA55F}.AppStore|ARM.Build.0 = Release|Any CPU
		{E6F09D4B-AE97-449C-BDC5-75F1AA0CA55F}.AppStore|ARM.Deploy.0 = Release|Any CPU
		{E6F09D4B-AE97-449C-BDC5-75F1AA0CA55F}.AppStore|iPhone.ActiveCfg = Release|Any CPU
		{E6F09D4B-AE97-449C-BDC5-75F1AA0CA55F}.AppStore|iPhone.Build.0 = Release|Any CPU
		{E6F09D4B-AE97-449C-BDC5-75F1AA0CA55F}.AppStore|iPhone.Deploy.0 = Release|Any CPU
		{E6F09D4B-AE97-449C-BDC5-75F1AA0CA55F}.AppStore|iPhoneSimulator.ActiveCfg = Release|Any CPU
		{E6F09D4B-AE97-449C-BDC5-75F1AA0CA55F}.AppStore|iPhoneSimulator.Build.0 = Release|Any CPU
		{E6F09D4B-AE97-449C-BDC5-75F1AA0CA55F}.AppStore|iPhoneSimulator.Deploy.0 = Release|Any CPU
		{E6F09D4B-AE97-449C-BDC5-75F1AA0CA55F}.AppStore|x64.ActiveCfg = Release|Any CPU
		{E6F09D4B-AE97-449C-BDC5-75F1AA0CA55F}.AppStore|x64.Build.0 = Release|Any CPU
		{E6F09D4B-AE97-449C-BDC5-75F1AA0CA55F}.AppStore|x64.Deploy.0 = Release|Any CPU
		{E6F09D4B-AE97-449C-BDC5-75F1AA0CA55F}.AppStore|x86.ActiveCfg = Release|Any CPU
		{E6F09D4B-AE97-449C-BDC5-75F1AA0CA55F}.AppStore|x86.Build.0 = Release|Any CPU
		{E6F09D4B-AE97-449C-BDC5-75F1AA0CA55F}.AppStore|x86.Deploy.0 = Release|Any CPU
		{E6F09D4B-AE97-449C-BDC5-75F1AA0CA55F}.Debug|Any CPU.ActiveCfg = Debug|Any CPU
		{E6F09D4B-AE97-449C-BDC5-75F1AA0CA55F}.Debug|Any CPU.Build.0 = Debug|Any CPU
		{E6F09D4B-AE97-449C-BDC5-75F1AA0CA55F}.Debug|Any CPU.Deploy.0 = Debug|Any CPU
		{E6F09D4B-AE97-449C-BDC5-75F1AA0CA55F}.Debug|ARM.ActiveCfg = Debug|Any CPU
		{E6F09D4B-AE97-449C-BDC5-75F1AA0CA55F}.Debug|ARM.Build.0 = Debug|Any CPU
		{E6F09D4B-AE97-449C-BDC5-75F1AA0CA55F}.Debug|ARM.Deploy.0 = Debug|Any CPU
		{E6F09D4B-AE97-449C-BDC5-75F1AA0CA55F}.Debug|iPhone.ActiveCfg = Debug|Any CPU
		{E6F09D4B-AE97-449C-BDC5-75F1AA0CA55F}.Debug|iPhone.Build.0 = Debug|Any CPU
		{E6F09D4B-AE97-449C-BDC5-75F1AA0CA55F}.Debug|iPhone.Deploy.0 = Debug|Any CPU
		{E6F09D4B-AE97-449C-BDC5-75F1AA0CA55F}.Debug|iPhoneSimulator.ActiveCfg = Debug|Any CPU
		{E6F09D4B-AE97-449C-BDC5-75F1AA0CA55F}.Debug|iPhoneSimulator.Build.0 = Debug|Any CPU
		{E6F09D4B-AE97-449C-BDC5-75F1AA0CA55F}.Debug|iPhoneSimulator.Deploy.0 = Debug|Any CPU
		{E6F09D4B-AE97-449C-BDC5-75F1AA0CA55F}.Debug|x64.ActiveCfg = Debug|Any CPU
		{E6F09D4B-AE97-449C-BDC5-75F1AA0CA55F}.Debug|x64.Build.0 = Debug|Any CPU
		{E6F09D4B-AE97-449C-BDC5-75F1AA0CA55F}.Debug|x64.Deploy.0 = Debug|Any CPU
		{E6F09D4B-AE97-449C-BDC5-75F1AA0CA55F}.Debug|x86.ActiveCfg = Debug|Any CPU
		{E6F09D4B-AE97-449C-BDC5-75F1AA0CA55F}.Debug|x86.Build.0 = Debug|Any CPU
		{E6F09D4B-AE97-449C-BDC5-75F1AA0CA55F}.Debug|x86.Deploy.0 = Debug|Any CPU
		{E6F09D4B-AE97-449C-BDC5-75F1AA0CA55F}.Release|Any CPU.ActiveCfg = Release|Any CPU
		{E6F09D4B-AE97-449C-BDC5-75F1AA0CA55F}.Release|Any CPU.Build.0 = Release|Any CPU
		{E6F09D4B-AE97-449C-BDC5-75F1AA0CA55F}.Release|Any CPU.Deploy.0 = Release|Any CPU
		{E6F09D4B-AE97-449C-BDC5-75F1AA0CA55F}.Release|ARM.ActiveCfg = Release|Any CPU
		{E6F09D4B-AE97-449C-BDC5-75F1AA0CA55F}.Release|ARM.Build.0 = Release|Any CPU
		{E6F09D4B-AE97-449C-BDC5-75F1AA0CA55F}.Release|ARM.Deploy.0 = Release|Any CPU
		{E6F09D4B-AE97-449C-BDC5-75F1AA0CA55F}.Release|iPhone.ActiveCfg = Release|Any CPU
		{E6F09D4B-AE97-449C-BDC5-75F1AA0CA55F}.Release|iPhone.Build.0 = Release|Any CPU
		{E6F09D4B-AE97-449C-BDC5-75F1AA0CA55F}.Release|iPhone.Deploy.0 = Release|Any CPU
		{E6F09D4B-AE97-449C-BDC5-75F1AA0CA55F}.Release|iPhoneSimulator.ActiveCfg = Release|Any CPU
		{E6F09D4B-AE97-449C-BDC5-75F1AA0CA55F}.Release|iPhoneSimulator.Build.0 = Release|Any CPU
		{E6F09D4B-AE97-449C-BDC5-75F1AA0CA55F}.Release|iPhoneSimulator.Deploy.0 = Release|Any CPU
		{E6F09D4B-AE97-449C-BDC5-75F1AA0CA55F}.Release|x64.ActiveCfg = Release|Any CPU
		{E6F09D4B-AE97-449C-BDC5-75F1AA0CA55F}.Release|x64.Build.0 = Release|Any CPU
		{E6F09D4B-AE97-449C-BDC5-75F1AA0CA55F}.Release|x64.Deploy.0 = Release|Any CPU
		{E6F09D4B-AE97-449C-BDC5-75F1AA0CA55F}.Release|x86.ActiveCfg = Release|Any CPU
		{E6F09D4B-AE97-449C-BDC5-75F1AA0CA55F}.Release|x86.Build.0 = Release|Any CPU
		{E6F09D4B-AE97-449C-BDC5-75F1AA0CA55F}.Release|x86.Deploy.0 = Release|Any CPU
		{8CFB3296-9388-4903-8DB8-3014B382D681}.Ad-Hoc|Any CPU.ActiveCfg = Release|Any CPU
		{8CFB3296-9388-4903-8DB8-3014B382D681}.Ad-Hoc|Any CPU.Build.0 = Release|Any CPU
		{8CFB3296-9388-4903-8DB8-3014B382D681}.Ad-Hoc|ARM.ActiveCfg = Release|Any CPU
		{8CFB3296-9388-4903-8DB8-3014B382D681}.Ad-Hoc|ARM.Build.0 = Release|Any CPU
		{8CFB3296-9388-4903-8DB8-3014B382D681}.Ad-Hoc|iPhone.ActiveCfg = Release|Any CPU
		{8CFB3296-9388-4903-8DB8-3014B382D681}.Ad-Hoc|iPhone.Build.0 = Release|Any CPU
		{8CFB3296-9388-4903-8DB8-3014B382D681}.Ad-Hoc|iPhoneSimulator.ActiveCfg = Release|Any CPU
		{8CFB3296-9388-4903-8DB8-3014B382D681}.Ad-Hoc|iPhoneSimulator.Build.0 = Release|Any CPU
		{8CFB3296-9388-4903-8DB8-3014B382D681}.Ad-Hoc|x64.ActiveCfg = Release|Any CPU
		{8CFB3296-9388-4903-8DB8-3014B382D681}.Ad-Hoc|x64.Build.0 = Release|Any CPU
		{8CFB3296-9388-4903-8DB8-3014B382D681}.Ad-Hoc|x86.ActiveCfg = Release|Any CPU
		{8CFB3296-9388-4903-8DB8-3014B382D681}.Ad-Hoc|x86.Build.0 = Release|Any CPU
		{8CFB3296-9388-4903-8DB8-3014B382D681}.AppStore|Any CPU.ActiveCfg = Release|Any CPU
		{8CFB3296-9388-4903-8DB8-3014B382D681}.AppStore|Any CPU.Build.0 = Release|Any CPU
		{8CFB3296-9388-4903-8DB8-3014B382D681}.AppStore|ARM.ActiveCfg = Release|Any CPU
		{8CFB3296-9388-4903-8DB8-3014B382D681}.AppStore|ARM.Build.0 = Release|Any CPU
		{8CFB3296-9388-4903-8DB8-3014B382D681}.AppStore|iPhone.ActiveCfg = Release|Any CPU
		{8CFB3296-9388-4903-8DB8-3014B382D681}.AppStore|iPhone.Build.0 = Release|Any CPU
		{8CFB3296-9388-4903-8DB8-3014B382D681}.AppStore|iPhoneSimulator.ActiveCfg = Release|Any CPU
		{8CFB3296-9388-4903-8DB8-3014B382D681}.AppStore|iPhoneSimulator.Build.0 = Release|Any CPU
		{8CFB3296-9388-4903-8DB8-3014B382D681}.AppStore|x64.ActiveCfg = Release|Any CPU
		{8CFB3296-9388-4903-8DB8-3014B382D681}.AppStore|x64.Build.0 = Release|Any CPU
		{8CFB3296-9388-4903-8DB8-3014B382D681}.AppStore|x86.ActiveCfg = Release|Any CPU
		{8CFB3296-9388-4903-8DB8-3014B382D681}.AppStore|x86.Build.0 = Release|Any CPU
		{8CFB3296-9388-4903-8DB8-3014B382D681}.Debug|Any CPU.ActiveCfg = Debug|Any CPU
		{8CFB3296-9388-4903-8DB8-3014B382D681}.Debug|Any CPU.Build.0 = Debug|Any CPU
		{8CFB3296-9388-4903-8DB8-3014B382D681}.Debug|ARM.ActiveCfg = Debug|Any CPU
		{8CFB3296-9388-4903-8DB8-3014B382D681}.Debug|ARM.Build.0 = Debug|Any CPU
		{8CFB3296-9388-4903-8DB8-3014B382D681}.Debug|iPhone.ActiveCfg = Debug|Any CPU
		{8CFB3296-9388-4903-8DB8-3014B382D681}.Debug|iPhone.Build.0 = Debug|Any CPU
		{8CFB3296-9388-4903-8DB8-3014B382D681}.Debug|iPhoneSimulator.ActiveCfg = Debug|Any CPU
		{8CFB3296-9388-4903-8DB8-3014B382D681}.Debug|iPhoneSimulator.Build.0 = Debug|Any CPU
		{8CFB3296-9388-4903-8DB8-3014B382D681}.Debug|x64.ActiveCfg = Debug|Any CPU
		{8CFB3296-9388-4903-8DB8-3014B382D681}.Debug|x64.Build.0 = Debug|Any CPU
		{8CFB3296-9388-4903-8DB8-3014B382D681}.Debug|x86.ActiveCfg = Debug|Any CPU
		{8CFB3296-9388-4903-8DB8-3014B382D681}.Debug|x86.Build.0 = Debug|Any CPU
		{8CFB3296-9388-4903-8DB8-3014B382D681}.Release|Any CPU.ActiveCfg = Release|Any CPU
		{8CFB3296-9388-4903-8DB8-3014B382D681}.Release|Any CPU.Build.0 = Release|Any CPU
		{8CFB3296-9388-4903-8DB8-3014B382D681}.Release|ARM.ActiveCfg = Release|Any CPU
		{8CFB3296-9388-4903-8DB8-3014B382D681}.Release|ARM.Build.0 = Release|Any CPU
		{8CFB3296-9388-4903-8DB8-3014B382D681}.Release|iPhone.ActiveCfg = Release|Any CPU
		{8CFB3296-9388-4903-8DB8-3014B382D681}.Release|iPhone.Build.0 = Release|Any CPU
		{8CFB3296-9388-4903-8DB8-3014B382D681}.Release|iPhoneSimulator.ActiveCfg = Release|Any CPU
		{8CFB3296-9388-4903-8DB8-3014B382D681}.Release|iPhoneSimulator.Build.0 = Release|Any CPU
		{8CFB3296-9388-4903-8DB8-3014B382D681}.Release|x64.ActiveCfg = Release|Any CPU
		{8CFB3296-9388-4903-8DB8-3014B382D681}.Release|x64.Build.0 = Release|Any CPU
		{8CFB3296-9388-4903-8DB8-3014B382D681}.Release|x86.ActiveCfg = Release|Any CPU
		{8CFB3296-9388-4903-8DB8-3014B382D681}.Release|x86.Build.0 = Release|Any CPU
		{5859213B-AEAA-4335-834B-996F5A1E01D2}.Ad-Hoc|Any CPU.ActiveCfg = Release|x86
		{5859213B-AEAA-4335-834B-996F5A1E01D2}.Ad-Hoc|Any CPU.Build.0 = Release|x86
		{5859213B-AEAA-4335-834B-996F5A1E01D2}.Ad-Hoc|Any CPU.Deploy.0 = Release|x86
		{5859213B-AEAA-4335-834B-996F5A1E01D2}.Ad-Hoc|ARM.ActiveCfg = Release|ARM
		{5859213B-AEAA-4335-834B-996F5A1E01D2}.Ad-Hoc|ARM.Build.0 = Release|ARM
		{5859213B-AEAA-4335-834B-996F5A1E01D2}.Ad-Hoc|ARM.Deploy.0 = Release|ARM
		{5859213B-AEAA-4335-834B-996F5A1E01D2}.Ad-Hoc|iPhone.ActiveCfg = Release|x86
		{5859213B-AEAA-4335-834B-996F5A1E01D2}.Ad-Hoc|iPhone.Build.0 = Release|x86
		{5859213B-AEAA-4335-834B-996F5A1E01D2}.Ad-Hoc|iPhone.Deploy.0 = Release|x86
		{5859213B-AEAA-4335-834B-996F5A1E01D2}.Ad-Hoc|iPhoneSimulator.ActiveCfg = Release|x86
		{5859213B-AEAA-4335-834B-996F5A1E01D2}.Ad-Hoc|iPhoneSimulator.Build.0 = Release|x86
		{5859213B-AEAA-4335-834B-996F5A1E01D2}.Ad-Hoc|iPhoneSimulator.Deploy.0 = Release|x86
		{5859213B-AEAA-4335-834B-996F5A1E01D2}.Ad-Hoc|x64.ActiveCfg = Release|x64
		{5859213B-AEAA-4335-834B-996F5A1E01D2}.Ad-Hoc|x64.Build.0 = Release|x64
		{5859213B-AEAA-4335-834B-996F5A1E01D2}.Ad-Hoc|x64.Deploy.0 = Release|x64
		{5859213B-AEAA-4335-834B-996F5A1E01D2}.Ad-Hoc|x86.ActiveCfg = Release|x86
		{5859213B-AEAA-4335-834B-996F5A1E01D2}.Ad-Hoc|x86.Build.0 = Release|x86
		{5859213B-AEAA-4335-834B-996F5A1E01D2}.Ad-Hoc|x86.Deploy.0 = Release|x86
		{5859213B-AEAA-4335-834B-996F5A1E01D2}.AppStore|Any CPU.ActiveCfg = Release|x86
		{5859213B-AEAA-4335-834B-996F5A1E01D2}.AppStore|Any CPU.Build.0 = Release|x86
		{5859213B-AEAA-4335-834B-996F5A1E01D2}.AppStore|Any CPU.Deploy.0 = Release|x86
		{5859213B-AEAA-4335-834B-996F5A1E01D2}.AppStore|ARM.ActiveCfg = Release|ARM
		{5859213B-AEAA-4335-834B-996F5A1E01D2}.AppStore|ARM.Build.0 = Release|ARM
		{5859213B-AEAA-4335-834B-996F5A1E01D2}.AppStore|ARM.Deploy.0 = Release|ARM
		{5859213B-AEAA-4335-834B-996F5A1E01D2}.AppStore|iPhone.ActiveCfg = Release|x86
		{5859213B-AEAA-4335-834B-996F5A1E01D2}.AppStore|iPhone.Build.0 = Release|x86
		{5859213B-AEAA-4335-834B-996F5A1E01D2}.AppStore|iPhone.Deploy.0 = Release|x86
		{5859213B-AEAA-4335-834B-996F5A1E01D2}.AppStore|iPhoneSimulator.ActiveCfg = Release|x86
		{5859213B-AEAA-4335-834B-996F5A1E01D2}.AppStore|iPhoneSimulator.Build.0 = Release|x86
		{5859213B-AEAA-4335-834B-996F5A1E01D2}.AppStore|iPhoneSimulator.Deploy.0 = Release|x86
		{5859213B-AEAA-4335-834B-996F5A1E01D2}.AppStore|x64.ActiveCfg = Release|x64
		{5859213B-AEAA-4335-834B-996F5A1E01D2}.AppStore|x64.Build.0 = Release|x64
		{5859213B-AEAA-4335-834B-996F5A1E01D2}.AppStore|x64.Deploy.0 = Release|x64
		{5859213B-AEAA-4335-834B-996F5A1E01D2}.AppStore|x86.ActiveCfg = Release|x86
		{5859213B-AEAA-4335-834B-996F5A1E01D2}.AppStore|x86.Build.0 = Release|x86
		{5859213B-AEAA-4335-834B-996F5A1E01D2}.AppStore|x86.Deploy.0 = Release|x86
		{5859213B-AEAA-4335-834B-996F5A1E01D2}.Debug|Any CPU.ActiveCfg = Debug|x86
		{5859213B-AEAA-4335-834B-996F5A1E01D2}.Debug|ARM.ActiveCfg = Debug|ARM
		{5859213B-AEAA-4335-834B-996F5A1E01D2}.Debug|ARM.Build.0 = Debug|ARM
		{5859213B-AEAA-4335-834B-996F5A1E01D2}.Debug|ARM.Deploy.0 = Debug|ARM
		{5859213B-AEAA-4335-834B-996F5A1E01D2}.Debug|iPhone.ActiveCfg = Debug|x86
		{5859213B-AEAA-4335-834B-996F5A1E01D2}.Debug|iPhoneSimulator.ActiveCfg = Debug|x86
		{5859213B-AEAA-4335-834B-996F5A1E01D2}.Debug|x64.ActiveCfg = Debug|x64
		{5859213B-AEAA-4335-834B-996F5A1E01D2}.Debug|x64.Build.0 = Debug|x64
		{5859213B-AEAA-4335-834B-996F5A1E01D2}.Debug|x64.Deploy.0 = Debug|x64
		{5859213B-AEAA-4335-834B-996F5A1E01D2}.Debug|x86.ActiveCfg = Debug|x86
		{5859213B-AEAA-4335-834B-996F5A1E01D2}.Debug|x86.Build.0 = Debug|x86
		{5859213B-AEAA-4335-834B-996F5A1E01D2}.Debug|x86.Deploy.0 = Debug|x86
		{5859213B-AEAA-4335-834B-996F5A1E01D2}.Release|Any CPU.ActiveCfg = Release|x86
		{5859213B-AEAA-4335-834B-996F5A1E01D2}.Release|ARM.ActiveCfg = Release|ARM
		{5859213B-AEAA-4335-834B-996F5A1E01D2}.Release|ARM.Build.0 = Release|ARM
		{5859213B-AEAA-4335-834B-996F5A1E01D2}.Release|ARM.Deploy.0 = Release|ARM
		{5859213B-AEAA-4335-834B-996F5A1E01D2}.Release|iPhone.ActiveCfg = Release|x86
		{5859213B-AEAA-4335-834B-996F5A1E01D2}.Release|iPhoneSimulator.ActiveCfg = Release|x86
		{5859213B-AEAA-4335-834B-996F5A1E01D2}.Release|x64.ActiveCfg = Release|x64
		{5859213B-AEAA-4335-834B-996F5A1E01D2}.Release|x64.Build.0 = Release|x64
		{5859213B-AEAA-4335-834B-996F5A1E01D2}.Release|x64.Deploy.0 = Release|x64
		{5859213B-AEAA-4335-834B-996F5A1E01D2}.Release|x86.ActiveCfg = Release|x86
		{5859213B-AEAA-4335-834B-996F5A1E01D2}.Release|x86.Build.0 = Release|x86
		{5859213B-AEAA-4335-834B-996F5A1E01D2}.Release|x86.Deploy.0 = Release|x86
		{BB3386CD-BBE0-4D6E-BCD4-0AC41561A031}.Ad-Hoc|Any CPU.ActiveCfg = Ad-Hoc|iPhone
		{BB3386CD-BBE0-4D6E-BCD4-0AC41561A031}.Ad-Hoc|ARM.ActiveCfg = Ad-Hoc|iPhone
		{BB3386CD-BBE0-4D6E-BCD4-0AC41561A031}.Ad-Hoc|iPhone.ActiveCfg = Ad-Hoc|iPhone
		{BB3386CD-BBE0-4D6E-BCD4-0AC41561A031}.Ad-Hoc|iPhone.Build.0 = Ad-Hoc|iPhone
		{BB3386CD-BBE0-4D6E-BCD4-0AC41561A031}.Ad-Hoc|iPhoneSimulator.ActiveCfg = Ad-Hoc|iPhoneSimulator
		{BB3386CD-BBE0-4D6E-BCD4-0AC41561A031}.Ad-Hoc|iPhoneSimulator.Build.0 = Ad-Hoc|iPhoneSimulator
		{BB3386CD-BBE0-4D6E-BCD4-0AC41561A031}.Ad-Hoc|x64.ActiveCfg = Ad-Hoc|iPhone
		{BB3386CD-BBE0-4D6E-BCD4-0AC41561A031}.Ad-Hoc|x86.ActiveCfg = Ad-Hoc|iPhone
		{BB3386CD-BBE0-4D6E-BCD4-0AC41561A031}.AppStore|Any CPU.ActiveCfg = AppStore|iPhone
		{BB3386CD-BBE0-4D6E-BCD4-0AC41561A031}.AppStore|ARM.ActiveCfg = AppStore|iPhone
		{BB3386CD-BBE0-4D6E-BCD4-0AC41561A031}.AppStore|iPhone.ActiveCfg = AppStore|iPhone
		{BB3386CD-BBE0-4D6E-BCD4-0AC41561A031}.AppStore|iPhone.Build.0 = AppStore|iPhone
		{BB3386CD-BBE0-4D6E-BCD4-0AC41561A031}.AppStore|iPhoneSimulator.ActiveCfg = AppStore|iPhoneSimulator
		{BB3386CD-BBE0-4D6E-BCD4-0AC41561A031}.AppStore|iPhoneSimulator.Build.0 = AppStore|iPhoneSimulator
		{BB3386CD-BBE0-4D6E-BCD4-0AC41561A031}.AppStore|x64.ActiveCfg = AppStore|iPhone
		{BB3386CD-BBE0-4D6E-BCD4-0AC41561A031}.AppStore|x86.ActiveCfg = AppStore|iPhone
		{BB3386CD-BBE0-4D6E-BCD4-0AC41561A031}.Debug|Any CPU.ActiveCfg = Debug|iPhone
		{BB3386CD-BBE0-4D6E-BCD4-0AC41561A031}.Debug|ARM.ActiveCfg = Debug|iPhone
		{BB3386CD-BBE0-4D6E-BCD4-0AC41561A031}.Debug|iPhone.ActiveCfg = Debug|iPhone
		{BB3386CD-BBE0-4D6E-BCD4-0AC41561A031}.Debug|iPhone.Build.0 = Debug|iPhone
		{BB3386CD-BBE0-4D6E-BCD4-0AC41561A031}.Debug|iPhoneSimulator.ActiveCfg = Debug|iPhoneSimulator
		{BB3386CD-BBE0-4D6E-BCD4-0AC41561A031}.Debug|iPhoneSimulator.Build.0 = Debug|iPhoneSimulator
		{BB3386CD-BBE0-4D6E-BCD4-0AC41561A031}.Debug|x64.ActiveCfg = Debug|iPhone
		{BB3386CD-BBE0-4D6E-BCD4-0AC41561A031}.Debug|x86.ActiveCfg = Debug|iPhone
		{BB3386CD-BBE0-4D6E-BCD4-0AC41561A031}.Release|Any CPU.ActiveCfg = Release|iPhone
		{BB3386CD-BBE0-4D6E-BCD4-0AC41561A031}.Release|ARM.ActiveCfg = Release|iPhone
		{BB3386CD-BBE0-4D6E-BCD4-0AC41561A031}.Release|iPhone.ActiveCfg = Release|iPhone
		{BB3386CD-BBE0-4D6E-BCD4-0AC41561A031}.Release|iPhone.Build.0 = Release|iPhone
		{BB3386CD-BBE0-4D6E-BCD4-0AC41561A031}.Release|iPhoneSimulator.ActiveCfg = Release|iPhoneSimulator
		{BB3386CD-BBE0-4D6E-BCD4-0AC41561A031}.Release|iPhoneSimulator.Build.0 = Release|iPhoneSimulator
		{BB3386CD-BBE0-4D6E-BCD4-0AC41561A031}.Release|x64.ActiveCfg = Release|iPhone
		{BB3386CD-BBE0-4D6E-BCD4-0AC41561A031}.Release|x86.ActiveCfg = Release|iPhone
	EndGlobalSection
	GlobalSection(SolutionProperties) = preSolution
		HideSolutionNode = FALSE
	EndGlobalSection
EndGlobal
